
Microsoft Visual Studio Solution File, Format Version 12.00
# Visual Studio Version 16
VisualStudioVersion = 16.0.28407.52
MinimumVisualStudioVersion = 10.0.40219.1
Project("{FAE04EC0-301F-11D3-BF4B-00C04F79EFBC}") = "DesignTimeDbContextFactory", "DesignTimeDbContextFactory\DesignTimeDbContextFactory.csproj", "{B206ABF4-0AE8-45A1-8932-708416D921D2}"
EndProject
Project("{FAE04EC0-301F-11D3-BF4B-00C04F79EFBC}") = "Entities", "Entities\Entities.csproj", "{4C9DEBFB-2BA9-4A4C-B82F-236FE5F7EA63}"
EndProject
Project("{FAE04EC0-301F-11D3-BF4B-00C04F79EFBC}") = "EntityFramework", "EntityFramework\EntityFramework.csproj", "{A4079C3F-3560-4653-9075-A50AFCBC7F86}"
EndProject
Global
	GlobalSection(SolutionConfigurationPlatforms) = preSolution
		Debug|Any CPU = Debug|Any CPU
		Release|Any CPU = Release|Any CPU
	EndGlobalSection
	GlobalSection(ProjectConfigurationPlatforms) = postSolution
		{B206ABF4-0AE8-45A1-8932-708416D921D2}.Debug|Any CPU.ActiveCfg = Debug|Any CPU
		{B206ABF4-0AE8-45A1-8932-708416D921D2}.Debug|Any CPU.Build.0 = Debug|Any CPU
		{B206ABF4-0AE8-45A1-8932-708416D921D2}.Release|Any CPU.ActiveCfg = Release|Any CPU
		{B206ABF4-0AE8-45A1-8932-708416D921D2}.Release|Any CPU.Build.0 = Release|Any CPU
		{4C9DEBFB-2BA9-4A4C-B82F-236FE5F7EA63}.Debug|Any CPU.ActiveCfg = Debug|Any CPU
		{4C9DEBFB-2BA9-4A4C-B82F-236FE5F7EA63}.Debug|Any CPU.Build.0 = Debug|Any CPU
		{4C9DEBFB-2BA9-4A4C-B82F-236FE5F7EA63}.Release|Any CPU.ActiveCfg = Release|Any CPU
		{4C9DEBFB-2BA9-4A4C-B82F-236FE5F7EA63}.Release|Any CPU.Build.0 = Release|Any CPU
		{A4079C3F-3560-4653-9075-A50AFCBC7F86}.Debug|Any CPU.ActiveCfg = Debug|Any CPU
		{A4079C3F-3560-4653-9075-A50AFCBC7F86}.Debug|Any CPU.Build.0 = Debug|Any CPU
		{A4079C3F-3560-4653-9075-A50AFCBC7F86}.Release|Any CPU.ActiveCfg = Release|Any CPU
		{A4079C3F-3560-4653-9075-A50AFCBC7F86}.Release|Any CPU.Build.0 = Release|Any CPU
	EndGlobalSection
	GlobalSection(SolutionProperties) = preSolution
		HideSolutionNode = FALSE
	EndGlobalSection
	GlobalSection(ExtensibilityGlobals) = postSolution
		SolutionGuid = {6C2FAE2D-46C6-48B8-AE23-FCC1C06B600F}
	EndGlobalSection
EndGlobal
